
Microsoft Visual Studio Solution File, Format Version 12.00
# Visual Studio 15
VisualStudioVersion = 15.0.28307.645
MinimumVisualStudioVersion = 10.0.40219.1
Project("{FAE04EC0-301F-11D3-BF4B-00C04F79EFBC}") = "MyBlogTask1", "MyBlogTask1\MyBlogTask1.csproj", "{F463F5F9-96ED-4102-8B96-622E04BC637E}"
EndProject
Project("{FAE04EC0-301F-11D3-BF4B-00C04F79EFBC}") = "DBManipulator", "DBManipulator\DBManipulator.csproj", "{3B9D6F87-9ED2-439F-B100-7CBF737BF223}"
EndProject
Global
	GlobalSection(SolutionConfigurationPlatforms) = preSolution
		Debug|Any CPU = Debug|Any CPU
		Release|Any CPU = Release|Any CPU
	EndGlobalSection
	GlobalSection(ProjectConfigurationPlatforms) = postSolution
		{F463F5F9-96ED-4102-8B96-622E04BC637E}.Debug|Any CPU.ActiveCfg = Debug|Any CPU
		{F463F5F9-96ED-4102-8B96-622E04BC637E}.Debug|Any CPU.Build.0 = Debug|Any CPU
		{F463F5F9-96ED-4102-8B96-622E04BC637E}.Release|Any CPU.ActiveCfg = Release|Any CPU
		{F463F5F9-96ED-4102-8B96-622E04BC637E}.Release|Any CPU.Build.0 = Release|Any CPU
		{3B9D6F87-9ED2-439F-B100-7CBF737BF223}.Debug|Any CPU.ActiveCfg = Debug|Any CPU
		{3B9D6F87-9ED2-439F-B100-7CBF737BF223}.Debug|Any CPU.Build.0 = Debug|Any CPU
		{3B9D6F87-9ED2-439F-B100-7CBF737BF223}.Release|Any CPU.ActiveCfg = Release|Any CPU
		{3B9D6F87-9ED2-439F-B100-7CBF737BF223}.Release|Any CPU.Build.0 = Release|Any CPU
	EndGlobalSection
	GlobalSection(SolutionProperties) = preSolution
		HideSolutionNode = FALSE
	EndGlobalSection
	GlobalSection(ExtensibilityGlobals) = postSolution
		SolutionGuid = {1FBCB6AB-0403-491F-BA71-0678C0B6097B}
	EndGlobalSection
EndGlobal
